version = 1
revision = 3
requires-python = ">=3.10, <4"

[[package]]
name = "autoflake"
version = "2.3.3"
source = { registry = "https://pypi.org/simple" }
dependencies = [
    { name = "pyflakes" },
    { name = "tomli", marker = "python_full_version < '3.11'" },
]
sdist = { url = "https://files.pythonhosted.org/packages/c3/0b/70c277eef225133763bf05c02c88df182e57d5c5c0730d3998958096a82e/autoflake-2.3.3.tar.gz", hash = "sha256:c24809541e23999f7a7b0d2faadf15deb0bc04cdde49728a2fd943a0c8055504", size = 16515, upload-time = "2026-02-20T05:01:43.448Z" }
wheels = [
    { url = "https://files.pythonhosted.org/packages/da/21/26f1680ec3a598ea31768f9ebcd427e42986d077a005416094b580635532/autoflake-2.3.3-py3-none-any.whl", hash = "sha256:a51a3412aff16135ee5b3ec25922459fef10c1f23ce6d6c4977188df859e8b53", size = 17715, upload-time = "2026-02-20T05:01:42.137Z" },
]

[[package]]
name = "black"
version = "26.5.1"
source = { registry = "https://pypi.org/simple" }
dependencies = [
    { name = "click" },
    { name = "mypy-extensions" },
    { name = "packaging" },
    { name = "pathspec" },
    { name = "platformdirs" },
    { name = "pytokens" },
    { name = "tomli", marker = "python_full_version < '3.11'" },
    { name = "typing-extensions", marker = "python_full_version < '3.11'" },
]
sdist = { url = "https://files.pythonhosted.org/packages/c0/37/5628dd55bf2b34257fc7603f0fe97c40e3aaf24265f416a9c85c95ca1436/black-26.5.1.tar.gz", hash = "sha256:dd321f668053961824bcc1be1cc1df748b2d7e4fa28086b08331e577b0100a73", size = 679439, upload-time = "2026-05-18T16:53:36.107Z" }
wheels = [
    { url = "https://files.pythonhosted.org/packages/be/84/b3f55026206a9e8820a91503308075ca48eadc515e436731ca01dbe043b3/black-26.5.1-cp310-cp310-macosx_10_9_x86_64.whl", hash = "sha256:9942db8888e06943c5dde66ca0037dcff82a2a4ec1ad0ada9e0d2ee9d9823893", size = 1987719, upload-time = "2026-05-18T17:05:02.757Z" },
    { url = "https://files.pythonhosted.org/packages/c6/34/7db312c5e5783d6e76cffd9d5ac8972a32badae4c6e3288dac0eed8d3bed/black-26.5.1-cp310-cp310-macosx_11_0_arm64.whl", hash = "sha256:89c93167a74d3a75dfaa38a5c7cca015537d5820dd7f17d63267d674a61cae90", size = 1810083, upload-time = "2026-05-18T17:05:04.302Z" },
    { url = "https://files.pythonhosted.org/packages/33/e2/e0101e73c2c8727634e2efcb35e2b34bd23ad70dfa673789f5773a591b21/black-26.5.1-cp310-cp310-manylinux2014_x86_64.manylinux_2_17_x86_64.manylinux_2_28_x86_64.whl", hash = "sha256:22f2cd76d069cc54c71f10360744ba8983fbb616903b4304a85b734915c8e1b4", size = 1860633, upload-time = "2026-05-18T17:05:06.391Z" },
    { url = "https://files.pythonhosted.org/packages/b0/4c/e15c0c5b23cf3651035fe5addcce90e283af3548a3f91bb03d81b83106ab/black-26.5.1-cp310-cp310-win_amd64.whl", hash = "sha256:87ed5c6f450580a2f6790bc7cbfb016dfc73bc750249762268a3695361315eef", size = 1477886, upload-time = "2026-05-18T17:05:07.96Z" },
    { url = "https://files.pythonhosted.org/packages/9f/3f/59d43ade98d2ce5c8dc34a4e46cbecd177e6d55d7d4092969c6003ccc655/black-26.5.1-cp310-cp310-win_arm64.whl", hash = "sha256:58b4bd92cf88aacf83d88479c8f9caee044b1ec55f2451a337354a7ea2590a22", size = 1277111, upload-time = "2026-05-18T17:05:09.473Z" },
    { url = "https://files.pythonhosted.org/packages/4b/96/3c3e09f09f44a37aac36b178a279cd19aa7001bd796187a7b162a294c81f/black-26.5.1-cp311-cp311-macosx_10_9_x86_64.whl", hash = "sha256:96ae2c733b2aabdd9986e2c5df628ff3473676cd1c5faded1ff496cf6d74083c", size = 1970639, upload-time = "2026-05-18T17:05:11.461Z" },
    { url = "https://files.pythonhosted.org/packages/83/ea/5ad117b9ee3ecd933c712bcbae610006e5b7cc9f41c526cd7ed3b6c4124c/black-26.5.1-cp311-cp311-macosx_11_0_arm64.whl", hash = "sha256:0e48b87e03bf109288e55cfceadcfa15ff5470aca2851a851950ed2926f450d7", size = 1792130, upload-time = "2026-05-18T17:05:12.983Z" },
    { url = "https://files.pythonhosted.org/packages/06/3a/7c448bc623fcdfa96672531beb5a616ea5e64f6975955254d7731ffb0ad9/black-26.5.1-cp311-cp311-manylinux2014_x86_64.manylinux_2_17_x86_64.manylinux_2_28_x86_64.whl", hash = "sha256:5119fa92ae61f786e8c3662fd60aece1d0a2dd5cca5d0c79417a95e7a4272a59", size = 1846134, upload-time = "2026-05-18T17:05:14.506Z" },
    { url = "https://files.pythonhosted.org/packages/a1/5b/0b39b3a5917f0657ac014ad2edb58c139553a478adfe7f817abf1622ff6e/black-26.5.1-cp311-cp311-win_amd64.whl", hash = "sha256:30d3c14661f2792e9142cce3eeeb1cbc175b3eb5f733be0c8eeb99651e52b0c3", size = 1478883, upload-time = "2026-05-18T17:05:16.542Z" },
    { url = "https://files.pythonhosted.org/packages/4c/48/dc222692e0f95030db1bbfb6c857e76858bad09058221ea7aae815255327/black-26.5.1-cp311-cp311-win_arm64.whl", hash = "sha256:1ef92b76f7733f282fd096ea406200b5a286c42947412b0eaff3a74e3616cefe", size = 1277776, upload-time = "2026-05-18T17:05:18.029Z" },
    { url = "https://files.pythonhosted.org/packages/24/99/7744b906703228264ef73bdd534df88ec1ef3de45c4e78f6d31b9e32d0c9/black-26.5.1-cp312-cp312-macosx_10_13_x86_64.whl", hash = "sha256:4ad6fa01f941920f54f2bbb35f3df7673428a0ef98a0b0840c2eaef3b110efa8", size = 2012518, upload-time = "2026-05-18T17:05:20.108Z" },
    { url = "https://files.pythonhosted.org/packages/b7/c0/c5a3b1636dfd09c42534f2b3cf33506814f6d3e066fb0879ffa16c1ae860/black-26.5.1-cp312-cp312-macosx_11_0_arm64.whl", hash = "sha256:3915f256e75a2d7cf88d8953d37f780455dc586cc72dee059c528fe77f581217", size = 1816016, upload-time = "2026-05-18T17:05:21.84Z" },
    { url = "https://files.pythonhosted.org/packages/1f/0e/36044316b65ca471d3bb6d3703fd06fb50c6b727c3562f6a5a3153634f88/black-26.5.1-cp312-cp312-manylinux2014_x86_64.manylinux_2_17_x86_64.manylinux_2_28_x86_64.whl", hash = "sha256:9d98d4137277c75dfb898ec8d846c4fd68ba1e9cf77f95e2865c203dc18f4c3d", size = 1884150, upload-time = "2026-05-18T17:05:23.546Z" },
    { url = "https://files.pythonhosted.org/packages/b3/33/dafc5808c2af43672912111d7c3354af1615f7e2be3bed7a878461abbe4d/black-26.5.1-cp312-cp312-win_amd64.whl", hash = "sha256:a1dca32d9f1784af512a13410ec204c6f7f0aa9797a111c42e1c03449821c264", size = 1486825, upload-time = "2026-05-18T17:05:25.004Z" },
    { url = "https://files.pythonhosted.org/packages/82/14/b965ee6ad2a311f28bdbf692def3ee9848d2ae289dab28b27657fcee3e78/black-26.5.1-cp312-cp312-win_arm64.whl", hash = "sha256:1037d5ac7b7b310b2632ad867ec8d0e4c4819dcdb0b820f63135da746a24e418", size = 1288646, upload-time = "2026-05-18T17:05:26.477Z" },
    { url = "https://files.pythonhosted.org/packages/3f/5c/c384363980e11e25ca6b93205949bb331fbf35f4e0dbec376dfa6326cec8/black-26.5.1-cp313-cp313-macosx_10_13_x86_64.whl", hash = "sha256:2b36cf2ddf5566e205f6535f782a62194a184d33e175b64ae8c40b1737522be3", size = 2009020, upload-time = "2026-05-18T17:05:28.132Z" },
    { url = "https://files.pythonhosted.org/packages/0b/df/9f31c5e0babbfed77d505fc5d120beb98b21b33feaeded3924ea941fe360/black-26.5.1-cp313-cp313-macosx_11_0_arm64.whl", hash = "sha256:1f7ea64ebfa01b50f693508fc39f875e264446d3b097088f84f203b9d09618a0", size = 1813335, upload-time = "2026-05-18T17:05:31.266Z" },
    { url = "https://files.pythonhosted.org/packages/fb/24/8e7b9a2fa61b0afd82209efe937557d180a1fa055bd7f6161eb9defc3719/black-26.5.1-cp313-cp313-manylinux2014_x86_64.manylinux_2_17_x86_64.manylinux_2_28_x86_64.whl", hash = "sha256:ecb3e624844c798144e9bd986954e0adc81d8911a1f30f375e1252fe26e8c294", size = 1881614, upload-time = "2026-05-18T17:05:32.718Z" },
    { url = "https://files.pythonhosted.org/packages/49/ad/b4e0d9365ba8ac34f6bbab62a4b1b2dd5d618fac3fa1b8db968c844201b5/black-26.5.1-cp313-cp313-win_amd64.whl", hash = "sha256:e1a26503279b6b310669fb0b219c39e4820b77e8189fe80f522bb511f247db0a", size = 1488925, upload-time = "2026-05-18T17:05:34.259Z" },
    { url = "https://files.pythonhosted.org/packages/a1/4b/652b859bf5df88a751c30451b09338f7fd26a77d1271c666992f836b7711/black-26.5.1-cp313-cp313-win_arm64.whl", hash = "sha256:5c34b25da232ead53a6f335b76dbea124f4d152ad568b9080d6f944bc2b34b52", size = 1289883, upload-time = "2026-05-18T17:05:36.019Z" },
    { url = "https://files.pythonhosted.org/packages/a6/16/a8da8eb208c51c7f4ce74609a45d0dcc6d8a2141e45e81ee5289d1bb0d59/black-26.5.1-cp314-cp314-macosx_10_15_x86_64.whl", hash = "sha256:e88976690a64b0af98312ca958415849cb42423423c5f2ee74af4b49a97a2168", size = 2004800, upload-time = "2026-05-18T17:05:38.182Z" },
    { url = "https://files.pythonhosted.org/packages/11/8a/a479296a19e383b70a725882a6cf3d786540601ff03cabbaaf1cce864c5a/black-26.5.1-cp314-cp314-macosx_11_0_arm64.whl", hash = "sha256:32d5ea7f6c8bdfa6e648326ebca1f02b0764e2a029edc6f8dce2627e19d468c3", size = 1815576, upload-time = "2026-05-18T17:05:40.309Z" },
    { url = "https://files.pythonhosted.org/packages/81/6b/cfaf3d39f25132c156a068f6b805576c9103a84086019507c70e1911ee7d/black-26.5.1-cp314-cp314-manylinux2014_x86_64.manylinux_2_17_x86_64.manylinux_2_28_x86_64.whl", hash = "sha256:ea8d16dc41655aa113cd64665e7219446cd7e4ff2248d7178eaa905190c86b18", size = 1877927, upload-time = "2026-05-18T17:05:42.463Z" },
    { url = "https://files.pythonhosted.org/packages/66/76/302e313964bcff7e28df329d39f84f5270095730d85ff0acc260610a0d82/black-26.5.1-cp314-cp314-win_amd64.whl", hash = "sha256:577f21094ea469ef92ec1adaf2c9441a226d2144d01a5be2fa823cecf6543e50", size = 1511860, upload-time = "2026-05-18T17:05:43.943Z" },
    { url = "https://files.pythonhosted.org/packages/27/4e/a3827e35e0e567f9f9ee59e2a0ab979267dca98718f25547ca8c6733afd4/black-26.5.1-cp314-cp314-win_arm64.whl", hash = "sha256:ed1a20af114c301a0269bf01163d51dbef72737fd65f850001e7cbe7f3c7abae", size = 1316632, upload-time = "2026-05-18T17:05:45.521Z" },
    { url = "https://files.pythonhosted.org/packages/94/51/f975cae76d44274cc2868dc9040ac5d58d464784610234455b4e7b19c6ef/black-26.5.1-py3-none-any.whl", hash = "sha256:4ed7f7da04046d2e488437170797d3b4a4ad83906683bcb7dfc68b673bbce5e2", size = 213693, upload-time = "2026-05-18T16:53:33.964Z" },
]

[[package]]
name = "click"
version = "8.1.7"
source = { registry = "https://pypi.org/simple" }
dependencies = [
    { name = "colorama", marker = "sys_platform == 'win32'" },
]
sdist = { url = "https://files.pythonhosted.org/packages/96/d3/f04c7bfcf5c1862a2a5b845c6b2b360488cf47af55dfa79c98f6a6bf98b5/click-8.1.7.tar.gz", hash = "sha256:ca9853ad459e787e2192211578cc907e7594e294c7ccc834310722b41b9ca6de", size = 336121, upload-time = "2023-08-17T17:29:11.868Z" }
wheels = [
    { url = "https://files.pythonhosted.org/packages/00/2e/d53fa4befbf2cfa713304affc7ca780ce4fc1fd8710527771b58311a3229/click-8.1.7-py3-none-any.whl", hash = "sha256:ae74fb96c20a0277a1d615f1e4d73c8414f5a98db8b799a7931d1582f3390c28", size = 97941, upload-time = "2023-08-17T17:29:10.08Z" },
]

[[package]]
name = "colorama"
version = "0.4.6"
source = { registry = "https://pypi.org/simple" }
sdist = { url = "https://files.pythonhosted.org/packages/d8/53/6f443c9a4a8358a93a6792e2acffb9d9d5cb0a5cfd8802644b7b1c9a02e4/colorama-0.4.6.tar.gz", hash = "sha256:08695f5cb7ed6e0531a20572697297273c47b8cae5a63ffc6d6ed5c201be6e44", size = 27697, upload-time = "2022-10-25T02:36:22.414Z" }
wheels = [
    { url = "https://files.pythonhosted.org/packages/d1/d6/3965ed04c63042e047cb6a3e6ed1a63a35087b6a609aa3a15ed8ac56c221/colorama-0.4.6-py2.py3-none-any.whl", hash = "sha256:4f1d9991f5acc0ca119f9d443620b77f9d6b33703e51011c16baf57afb285fc6", size = 25335, upload-time = "2022-10-25T02:36:20.889Z" },
]

[[package]]
name = "coverage"
version = "7.5.4"
source = { registry = "https://pypi.org/simple" }
sdist = { url = "https://files.pythonhosted.org/packages/ef/05/31553dc038667012853d0a248b57987d8d70b2d67ea885605f87bcb1baba/coverage-7.5.4.tar.gz", hash = "sha256:a44963520b069e12789d0faea4e9fdb1e410cdc4aab89d94f7f55cbb7fef0353", size = 793238, upload-time = "2024-06-22T21:51:05.233Z" }
wheels = [
    { url = "https://files.pythonhosted.org/packages/38/3d/9f9469f445789a170cb5bef3ad02ae9084ddd689f938797aa8ee793db404/coverage-7.5.4-cp310-cp310-macosx_10_9_x86_64.whl", hash = "sha256:6cfb5a4f556bb51aba274588200a46e4dd6b505fb1a5f8c5ae408222eb416f99", size = 205105, upload-time = "2024-06-22T21:49:15.608Z" },
    { url = "https://files.pythonhosted.org/packages/b0/d8/b7bde23a5e94cfc1a45effad2dd4c45dc111c515f71c522986dd8ded31a1/coverage-7.5.4-cp310-cp310-macosx_11_0_arm64.whl", hash = "sha256:2174e7c23e0a454ffe12267a10732c273243b4f2d50d07544a91198f05c48f47", size = 205537, upload-time = "2024-06-22T21:49:17.862Z" },
    { url = "https://files.pythonhosted.org/packages/99/49/0e8c8e8f9f7ea87ed94ddce70cdfe49224b13857ef3cbdb65a5eb29bba6f/coverage-7.5.4-cp310-cp310-manylinux_2_17_aarch64.manylinux2014_aarch64.whl", hash = "sha256:2214ee920787d85db1b6a0bd9da5f8503ccc8fcd5814d90796c2f2493a2f4d2e", size = 234067, upload-time = "2024-06-22T21:49:19.921Z" },
    { url = "https://files.pythonhosted.org/packages/a9/9a/79381c5dbc118b5cc0aac637352f65078766527ab0d23031d5421f2fb144/coverage-7.5.4-cp310-cp310-manylinux_2_5_i686.manylinux1_i686.manylinux_2_17_i686.manylinux2014_i686.whl", hash = "sha256:1137f46adb28e3813dec8c01fefadcb8c614f33576f672962e323b5128d9a68d", size = 232015, upload-time = "2024-06-22T21:49:22.141Z" },
    { url = "https://files.pythonhosted.org/packages/a2/78/d457df19baefbe3d38ef63cddfbda0f443d6546f3f56fa95cd884d612e8e/coverage-7.5.4-cp310-cp310-manylinux_2_5_x86_64.manylinux1_x86_64.manylinux_2_17_x86_64.manylinux2014_x86_64.whl", hash = "sha256:b385d49609f8e9efc885790a5a0e89f2e3ae042cdf12958b6034cc442de428d3", size = 233145, upload-time = "2024-06-22T21:49:24.198Z" },
    { url = "https://files.pythonhosted.org/packages/ef/48/fccbf1b4ab5943e1b5bf5e29892531341b4c2731c448c6970349b0bb2f3b/coverage-7.5.4-cp310-cp310-musllinux_1_2_aarch64.whl", hash = "sha256:b4a474f799456e0eb46d78ab07303286a84a3140e9700b9e154cfebc8f527016", size = 232230, upload-time = "2024-06-22T21:49:26.542Z" },
    { url = "https://files.pythonhosted.org/packages/44/ab/1ce64d6d01486b7e307ce0b25565b2337b9883d409fdb7655c94b0e80ae7/coverage-7.5.4-cp310-cp310-musllinux_1_2_i686.whl", hash = "sha256:5cd64adedf3be66f8ccee418473c2916492d53cbafbfcff851cbec5a8454b136", size = 230741, upload-time = "2024-06-22T21:49:28.309Z" },
    { url = "https://files.pythonhosted.org/packages/fd/a2/4db4030508e3f7267151155e2221487e1515eda167262d0aa88bce8d4b57/coverage-7.5.4-cp310-cp310-musllinux_1_2_x86_64.whl", hash = "sha256:e564c2cf45d2f44a9da56f4e3a26b2236504a496eb4cb0ca7221cd4cc7a9aca9", size = 231831, upload-time = "2024-06-22T21:49:30.58Z" },
    { url = "https://files.pythonhosted.org/packages/a6/90/3e1a9e003f3bc35cde1b1082f740e3c0ad90595caf31df0e49473c3f230a/coverage-7.5.4-cp310-cp310-win32.whl", hash = "sha256:7076b4b3a5f6d2b5d7f1185fde25b1e54eb66e647a1dfef0e2c2bfaf9b4c88c8", size = 207727, upload-time = "2024-06-22T21:49:32.793Z" },
    { url = "https://files.pythonhosted.org/packages/a5/0f/d56b6b9c2e900b9e51b8dae6b46aa15eb43a6a41342c9b0faca2a6c9890a/coverage-7.5.4-cp310-cp310-win_amd64.whl", hash = "sha256:018a12985185038a5b2bcafab04ab833a9a0f2c59995b3cec07e10074c78635f", size = 208519, upload-time = "2024-06-22T21:49:35.238Z" },
    { url = "https://files.pythonhosted.org/packages/48/92/f56bf17b10efdb21311b7aa6853afc39eb962af0f9595a24408f7df3f694/coverage-7.5.4-cp311-cp311-macosx_10_9_x86_64.whl", hash = "sha256:db14f552ac38f10758ad14dd7b983dbab424e731588d300c7db25b6f89e335b5", size = 205211, upload-time = "2024-06-22T21:49:37.595Z" },
    { url = "https://files.pythonhosted.org/packages/b8/69/a3bdace4d667f592b7730c0d636ac9ff9195f678fb4e61b5469b91e49919/coverage-7.5.4-cp311-cp311-macosx_11_0_arm64.whl", hash = "sha256:3257fdd8e574805f27bb5342b77bc65578e98cbc004a92232106344053f319ba", size = 205664, upload-time = "2024-06-22T21:49:39.702Z" },
    { url = "https://files.pythonhosted.org/packages/cd/bd/8515e955724baab11e8220a3872dc3d1c895b841b281ac8865834257ae2e/coverage-7.5.4-cp311-cp311-manylinux_2_17_aarch64.manylinux2014_aarch64.whl", hash = "sha256:3a6612c99081d8d6134005b1354191e103ec9705d7ba2754e848211ac8cacc6b", size = 237695, upload-time = "2024-06-22T21:49:41.485Z" },
    { url = "https://files.pythonhosted.org/packages/41/d5/f4f9d2d86e3bd0c3ae761e2511c4033abcdce1de8f1926f8e7c98952540d/coverage-7.5.4-cp311-cp311-manylinux_2_5_i686.manylinux1_i686.manylinux_2_17_i686.manylinux2014_i686.whl", hash = "sha256:d45d3cbd94159c468b9b8c5a556e3f6b81a8d1af2a92b77320e887c3e7a5d080", size = 235270, upload-time = "2024-06-22T21:49:43.578Z" },
    { url = "https://files.pythonhosted.org/packages/1e/62/e33595d35c9fa7cbcca5df2c3745b595532ec94b68c49ca2877629c4aca1/coverage-7.5.4-cp311-cp311-manylinux_2_5_x86_64.manylinux1_x86_64.manylinux_2_17_x86_64.manylinux2014_x86_64.whl", hash = "sha256:ed550e7442f278af76d9d65af48069f1fb84c9f745ae249c1a183c1e9d1b025c", size = 236966, upload-time = "2024-06-22T21:49:46.006Z" },
    { url = "https://files.pythonhosted.org/packages/62/ea/e5ae9c845bef94369a3b9b66eb1e0857289c0a769b20078fcf5a5e6021be/coverage-7.5.4-cp311-cp311-musllinux_1_2_aarch64.whl", hash = "sha256:7a892be37ca35eb5019ec85402c3371b0f7cda5ab5056023a7f13da0961e60da", size = 235891, upload-time = "2024-06-22T21:49:48.379Z" },
    { url = "https://files.pythonhosted.org/packages/33/7f/068a5d05ca6c89295bc8b7ae7ad5ed9d7b0286305a2444eb4d1eb42cb902/coverage-7.5.4-cp311-cp311-musllinux_1_2_i686.whl", hash = "sha256:8192794d120167e2a64721d88dbd688584675e86e15d0569599257566dec9bf0", size = 234548, upload-time = "2024-06-22T21:49:50.726Z" },
    { url = "https://files.pythonhosted.org/packages/15/a6/bbeeb4c0447a0ae8993e7d9b7ac8c8538ffb1a4210d106573238233f58c8/coverage-7.5.4-cp311-cp311-musllinux_1_2_x86_64.whl", hash = "sha256:820bc841faa502e727a48311948e0461132a9c8baa42f6b2b84a29ced24cc078", size = 235329, upload-time = "2024-06-22T21:49:52.534Z" },
    { url = "https://files.pythonhosted.org/packages/01/54/e009827b234225815743303d002a146183ea25e011c088dfa7a87f895fdf/coverage-7.5.4-cp311-cp311-win32.whl", hash = "sha256:6aae5cce399a0f065da65c7bb1e8abd5c7a3043da9dceb429ebe1b289bc07806", size = 207728, upload-time = "2024-06-22T21:49:54.482Z" },
    { url = "https://files.pythonhosted.org/packages/cd/48/8b929edd540634d8e7ed50d78e86790613e8733edf7eb21c2c217bf25176/coverage-7.5.4-cp311-cp311-win_amd64.whl", hash = "sha256:d2e344d6adc8ef81c5a233d3a57b3c7d5181f40e79e05e1c143da143ccb6377d", size = 208614, upload-time = "2024-06-22T21:49:56.374Z" },
    { url = "https://files.pythonhosted.org/packages/6d/96/58bcb3417c2fd38fae862704599f7088451bb6c8786f5cec6887366e78d9/coverage-7.5.4-cp312-cp312-macosx_10_9_x86_64.whl", hash = "sha256:54317c2b806354cbb2dc7ac27e2b93f97096912cc16b18289c5d4e44fc663233", size = 205392, upload-time = "2024-06-22T21:49:58.102Z" },
    { url = "https://files.pythonhosted.org/packages/2c/63/4f781db529b585a6ef3860ea01390951b006dbea9ada4ea3a3d830e325f4/coverage-7.5.4-cp312-cp312-macosx_11_0_arm64.whl", hash = "sha256:042183de01f8b6d531e10c197f7f0315a61e8d805ab29c5f7b51a01d62782747", size = 205634, upload-time = "2024-06-22T21:49:59.841Z" },
    { url = "https://files.pythonhosted.org/packages/57/50/c5aadf036078072f31d8f1ae1a6000cc70f3f6cf652939c2d77551174d77/coverage-7.5.4-cp312-cp312-manylinux_2_17_aarch64.manylinux2014_aarch64.whl", hash = "sha256:a6bb74ed465d5fb204b2ec41d79bcd28afccf817de721e8a807d5141c3426638", size = 238754, upload-time = "2024-06-22T21:50:02.727Z" },
    { url = "https://files.pythonhosted.org/packages/eb/a6/57c42994b1686461c7b0b29de3b6d3d60c5f23a656f96460f9c755a31506/coverage-7.5.4-cp312-cp312-manylinux_2_5_i686.manylinux1_i686.manylinux_2_17_i686.manylinux2014_i686.whl", hash = "sha256:b3d45ff86efb129c599a3b287ae2e44c1e281ae0f9a9bad0edc202179bcc3a2e", size = 235783, upload-time = "2024-06-22T21:50:05.255Z" },
    { url = "https://files.pythonhosted.org/packages/88/52/7054710a881b09d295e93b9889ac204c241a6847a8c05555fc6e1d8799d5/coverage-7.5.4-cp312-cp312-manylinux_2_5_x86_64.manylinux1_x86_64.manylinux_2_17_x86_64.manylinux2014_x86_64.whl", hash = "sha256:5013ed890dc917cef2c9f765c4c6a8ae9df983cd60dbb635df8ed9f4ebc9f555", size = 237865, upload-time = "2024-06-22T21:50:07.507Z" },
    { url = "https://files.pythonhosted.org/packages/a0/c3/57ef08c70483b83feb4e0d22345010aaf0afbe442dba015da3b173076c36/coverage-7.5.4-cp312-cp312-musllinux_1_2_aarch64.whl", hash = "sha256:1014fbf665fef86cdfd6cb5b7371496ce35e4d2a00cda501cf9f5b9e6fced69f", size = 237340, upload-time = "2024-06-22T21:50:09.636Z" },
    { url = "https://files.pythonhosted.org/packages/d8/44/465fa8f8edc11a18cbb83673f29b1af20ccf5139a66fbe2768ff67527ff0/coverage-7.5.4-cp312-cp312-musllinux_1_2_i686.whl", hash = "sha256:3684bc2ff328f935981847082ba4fdc950d58906a40eafa93510d1b54c08a66c", size = 235663, upload-time = "2024-06-22T21:50:11.852Z" },
    { url = "https://files.pythonhosted.org/packages/ef/e5/829ddcfb29ad41661ba8e9cac7dc52100fd2c4853bb93d668a3ebde64862/coverage-7.5.4-cp312-cp312-musllinux_1_2_x86_64.whl", hash = "sha256:581ea96f92bf71a5ec0974001f900db495488434a6928a2ca7f01eee20c23805", size = 237309, upload-time = "2024-06-22T21:50:14.195Z" },
    { url = "https://files.pythonhosted.org/packages/98/f6/f9c96fbf9b36be3f4d8c252ab2b4944420d99425f235f492784498804182/coverage-7.5.4-cp312-cp312-win32.whl", hash = "sha256:73ca8fbc5bc622e54627314c1a6f1dfdd8db69788f3443e752c215f29fa87a0b", size = 207988, upload-time = "2024-06-22T21:50:16.21Z" },
    { url = "https://files.pythonhosted.org/packages/0e/c1/2b7c7dcf4c273aac7676f12fb2b5524b133671d731ab91bd9a41c21675b9/coverage-7.5.4-cp312-cp312-win_amd64.whl", hash = "sha256:cef4649ec906ea7ea5e9e796e68b987f83fa9a718514fe147f538cfeda76d7a7", size = 208756, upload-time = "2024-06-22T21:50:18.147Z" },
    { url = "https://files.pythonhosted.org/packages/7a/c3/a5b06a07b68795018f47b5d69b523ad473ac9ee66be3c22c4d3e5eadd91e/coverage-7.5.4-pp38.pp39.pp310-none-any.whl", hash = "sha256:79b356f3dd5b26f3ad23b35c75dbdaf1f9e2450b6bcefc6d0825ea0aa3f86ca5", size = 197342, upload-time = "2024-06-22T21:51:02.293Z" },
]

[package.optional-dependencies]
toml = [
    { name = "tomli", marker = "python_full_version <= '3.11'" },
]

[[package]]
name = "coverage-badge"
version = "1.1.1"
source = { registry = "https://pypi.org/simple" }
dependencies = [
    { name = "coverage" },
]
sdist = { url = "https://files.pythonhosted.org/packages/e9/35/6f215857207371618275463f1f08ca0221fbd2969d83081fe3f3918f709f/coverage-badge-1.1.1.tar.gz", hash = "sha256:42252df917404af6147380861228a4ace3d9a29804df8fc2d34a22b2bc4f45b6", size = 5579, upload-time = "2024-04-24T21:06:18.037Z" }
wheels = [
    { url = "https://files.pythonhosted.org/packages/dc/ce/169c449301104186189b47d66e3eb0ee267273f22aaab185e0ec46591938/coverage_badge-1.1.1-py2.py3-none-any.whl", hash = "sha256:1d8e566ad47c37910fa2bbc74ea19972b171b5b4e40624b31b3e2f2d93680266", size = 6481, upload-time = "2024-04-24T21:06:16.37Z" },
]

[[package]]
name = "exceptiongroup"
version = "1.2.1"
source = { registry = "https://pypi.org/simple" }
sdist = { url = "https://files.pythonhosted.org/packages/a0/65/d66b7fbaef021b3c954b3bbb196d21d8a4b97918ea524f82cfae474215af/exceptiongroup-1.2.1.tar.gz", hash = "sha256:a4785e48b045528f5bfe627b6ad554ff32def154f42372786903b7abcfe1aa16", size = 28717, upload-time = "2024-04-18T21:19:14.118Z" }
wheels = [
    { url = "https://files.pythonhosted.org/packages/01/90/79fe92dd413a9cab314ef5c591b5aa9b9ba787ae4cadab75055b0ae00b33/exceptiongroup-1.2.1-py3-none-any.whl", hash = "sha256:5258b9ed329c5bbdd31a309f53cbfb0b155341807f6ff7606a1e801a891b29ad", size = 16458, upload-time = "2024-04-18T21:19:11.799Z" },
]

[[package]]
name = "iniconfig"
version = "2.0.0"
source = { registry = "https://pypi.org/simple" }
sdist = { url = "https://files.pythonhosted.org/packages/d7/4b/cbd8e699e64a6f16ca3a8220661b5f83792b3017d0f79807cb8708d33913/iniconfig-2.0.0.tar.gz", hash = "sha256:2d91e135bf72d31a410b17c16da610a82cb55f6b0477d1a902134b24a455b8b3", size = 4646, upload-time = "2023-01-07T11:08:11.254Z" }
wheels = [
    { url = "https://files.pythonhosted.org/packages/ef/a6/62565a6e1cf69e10f5727360368e451d4b7f58beeac6173dc9db836a5b46/iniconfig-2.0.0-py3-none-any.whl", hash = "sha256:b6a85871a79d2e3b22d2d1b94ac2824226a63c6b741c88f7ae975f18b6778374", size = 5892, upload-time = "2023-01-07T11:08:09.864Z" },
]

[[package]]
name = "isort"
version = "8.0.1"
source = { registry = "https://pypi.org/simple" }
sdist = { url = "https://files.pythonhosted.org/packages/ef/7c/ec4ab396d31b3b395e2e999c8f46dec78c5e29209fac49d1f4dace04041d/isort-8.0.1.tar.gz", hash = "sha256:171ac4ff559cdc060bcfff550bc8404a486fee0caab245679c2abe7cb253c78d", size = 769592, upload-time = "2026-02-28T10:08:20.685Z" }
wheels = [
    { url = "https://files.pythonhosted.org/packages/3e/95/c7c34aa53c16353c56d0b802fba48d5f5caa2cdee7958acbcb795c830416/isort-8.0.1-py3-none-any.whl", hash = "sha256:28b89bc70f751b559aeca209e6120393d43fbe2490de0559662be7a9787e3d75", size = 89733, upload-time = "2026-02-28T10:08:19.466Z" },
]

[[package]]
name = "mypy-extensions"
version = "1.1.0"
source = { registry = "https://pypi.org/simple" }
sdist = { url = "https://files.pythonhosted.org/packages/a2/6e/371856a3fb9d31ca8dac321cda606860fa4548858c0cc45d9d1d4ca2628b/mypy_extensions-1.1.0.tar.gz", hash = "sha256:52e68efc3284861e772bbcd66823fde5ae21fd2fdb51c62a211403730b916558", size = 6343, upload-time = "2025-04-22T14:54:24.164Z" }
wheels = [
    { url = "https://files.pythonhosted.org/packages/79/7b/2c79738432f5c924bef5071f933bcc9efd0473bac3b4aa584a6f7c1c8df8/mypy_extensions-1.1.0-py3-none-any.whl", hash = "sha256:1be4cccdb0f2482337c4743e60421de3a356cd97508abadd57d47403e94f5505", size = 4963, upload-time = "2025-04-22T14:54:22.983Z" },
]

[[package]]
name = "packaging"
version = "24.1"
source = { registry = "https://pypi.org/simple" }
sdist = { url = "https://files.pythonhosted.org/packages/51/65/50db4dda066951078f0a96cf12f4b9ada6e4b811516bf0262c0f4f7064d4/packaging-24.1.tar.gz", hash = "sha256:026ed72c8ed3fcce5bf8950572258698927fd1dbda10a5e981cdf0ac37f4f002", size = 148788, upload-time = "2024-06-09T23:19:24.956Z" }
wheels = [
    { url = "https://files.pythonhosted.org/packages/08/aa/cc0199a5f0ad350994d660967a8efb233fe0416e4639146c089643407ce6/packaging-24.1-py3-none-any.whl", hash = "sha256:5b8f2217dbdbd2f7f384c41c628544e6d52f2d0f53c6d0c3ea61aa5d1d7ff124", size = 53985, upload-time = "2024-06-09T23:19:21.909Z" },
]

[[package]]
name = "pathspec"
version = "1.1.1"
source = { registry = "https://pypi.org/simple" }
sdist = { url = "https://files.pythonhosted.org/packages/5a/82/42f767fc1c1143d6fd36efb827202a2d997a375e160a71eb2888a925aac1/pathspec-1.1.1.tar.gz", hash = "sha256:17db5ecd524104a120e173814c90367a96a98d07c45b2e10c2f3919fff91bf5a", size = 135180, upload-time = "2026-04-27T01:46:08.907Z" }
wheels = [
    { url = "https://files.pythonhosted.org/packages/f1/d9/7fb5aa316bc299258e68c73ba3bddbc499654a07f151cba08f6153988714/pathspec-1.1.1-py3-none-any.whl", hash = "sha256:a00ce642f577bf7f473932318056212bc4f8bfdf53128c78bbd5af0b9b20b189", size = 57328, upload-time = "2026-04-27T01:46:07.06Z" },
]

[[package]]
name = "platformdirs"
version = "4.10.0"
source = { registry = "https://pypi.org/simple" }
sdist = { url = "https://files.pythonhosted.org/packages/d7/47/e4501f49c178ae1d9f4a75073fda4204f52647993f075a9db4d14930e0c5/platformdirs-4.10.0.tar.gz", hash = "sha256:31e761a6a0ca04faf7353ea759bdba55652be214725111e5aac52dfa29d4bef7", size = 31224, upload-time = "2026-05-28T03:32:53.587Z" }
wheels = [
    { url = "https://files.pythonhosted.org/packages/81/e6/cd9575ac904136b3cbf7aa7ee819ef86eedb7274e46f230e94ea4342e729/platformdirs-4.10.0-py3-none-any.whl", hash = "sha256:fb516cdb12eb0d857d0cd85a7c57cea4d060bee4578d6cf5a14dfdf8cbf8784a", size = 22743, upload-time = "2026-05-28T03:32:52.175Z" },
]

[[package]]
name = "pluggy"
version = "1.5.0"
source = { registry = "https://pypi.org/simple" }
sdist = { url = "https://files.pythonhosted.org/packages/96/2d/02d4312c973c6050a18b314a5ad0b3210edb65a906f868e31c111dede4a6/pluggy-1.5.0.tar.gz", hash = "sha256:2cffa88e94fdc978c4c574f15f9e59b7f4201d439195c3715ca9e2486f1d0cf1", size = 67955, upload-time = "2024-04-20T21:34:42.531Z" }
wheels = [
    { url = "https://files.pythonhosted.org/packages/88/5f/e351af9a41f866ac3f1fac4ca0613908d9a41741cfcf2228f4ad853b697d/pluggy-1.5.0-py3-none-any.whl", hash = "sha256:44e1ad92c8ca002de6377e165f3e0f1be63266ab4d554740532335b9d75ea669", size = 20556, upload-time = "2024-04-20T21:34:40.434Z" },
]

[[package]]
name = "pyflakes"
version = "3.4.0"
source = { registry = "https://pypi.org/simple" }
sdist = { url = "https://files.pythonhosted.org/packages/45/dc/fd034dc20b4b264b3d015808458391acbf9df40b1e54750ef175d39180b1/pyflakes-3.4.0.tar.gz", hash = "sha256:b24f96fafb7d2ab0ec5075b7350b3d2d2218eab42003821c06344973d3ea2f58", size = 64669, upload-time = "2025-06-20T18:45:27.834Z" }
wheels = [
    { url = "https://files.pythonhosted.org/packages/c2/2f/81d580a0fb83baeb066698975cb14a618bdbed7720678566f1b046a95fe8/pyflakes-3.4.0-py2.py3-none-any.whl", hash = "sha256:f742a7dbd0d9cb9ea41e9a24a918996e8170c799fa528688d40dd582c8265f4f", size = 63551, upload-time = "2025-06-20T18:45:26.937Z" },
]

[[package]]
name = "pytest"
version = "7.4.4"
source = { registry = "https://pypi.org/simple" }
dependencies = [
    { name = "colorama", marker = "sys_platform == 'win32'" },
    { name = "exceptiongroup", marker = "python_full_version < '3.11'" },
    { name = "iniconfig" },
    { name = "packaging" },
    { name = "pluggy" },
    { name = "tomli", marker = "python_full_version < '3.11'" },
]
sdist = { url = "https://files.pythonhosted.org/packages/80/1f/9d8e98e4133ffb16c90f3b405c43e38d3abb715bb5d7a63a5a684f7e46a3/pytest-7.4.4.tar.gz", hash = "sha256:2cf0005922c6ace4a3e2ec8b4080eb0d9753fdc93107415332f50ce9e7994280", size = 1357116, upload-time = "2023-12-31T12:00:18.035Z" }
wheels = [
    { url = "https://files.pythonhosted.org/packages/51/ff/f6e8b8f39e08547faece4bd80f89d5a8de68a38b2d179cc1c4490ffa3286/pytest-7.4.4-py3-none-any.whl", hash = "sha256:b090cdf5ed60bf4c45261be03239c2c1c22df034fbffe691abe93cd80cea01d8", size = 325287, upload-time = "2023-12-31T12:00:13.963Z" },
]

[[package]]
name = "pytest-cov"
version = "5.0.0"
source = { registry = "https://pypi.org/simple" }
dependencies = [
    { name = "coverage", extra = ["toml"] },
    { name = "pytest" },
]
sdist = { url = "https://files.pythonhosted.org/packages/74/67/00efc8d11b630c56f15f4ad9c7f9223f1e5ec275aaae3fa9118c6a223ad2/pytest-cov-5.0.0.tar.gz", hash = "sha256:5837b58e9f6ebd335b0f8060eecce69b662415b16dc503883a02f45dfeb14857", size = 63042, upload-time = "2024-03-24T20:16:34.856Z" }
wheels = [
    { url = "https://files.pythonhosted.org/packages/78/3a/af5b4fa5961d9a1e6237b530eb87dd04aea6eb83da09d2a4073d81b54ccf/pytest_cov-5.0.0-py3-none-any.whl", hash = "sha256:4f0764a1219df53214206bf1feea4633c3b558a2925c8b59f144f682861ce652", size = 21990, upload-time = "2024-03-24T20:16:32.444Z" },
]

[[package]]
name = "pytokens"
version = "0.4.1"
source = { registry = "https://pypi.org/simple" }
sdist = { url = "https://files.pythonhosted.org/packages/b6/34/b4e015b99031667a7b960f888889c5bd34ef585c85e1cb56a594b92836ac/pytokens-0.4.1.tar.gz", hash = "sha256:292052fe80923aae2260c073f822ceba21f3872ced9a68bb7953b348e561179a", size = 23015, upload-time = "2026-01-30T01:03:45.924Z" }
wheels = [
    { url = "https://files.pythonhosted.org/packages/42/24/f206113e05cb8ef51b3850e7ef88f20da6f4bf932190ceb48bd3da103e10/pytokens-0.4.1-cp310-cp310-macosx_11_0_arm64.whl", hash = "sha256:2a44ed93ea23415c54f3face3b65ef2b844d96aeb3455b8a69b3df6beab6acc5", size = 161522, upload-time = "2026-01-30T01:02:50.393Z" },
    { url = "https://files.pythonhosted.org/packages/d4/e9/06a6bf1b90c2ed81a9c7d2544232fe5d2891d1cd480e8a1809ca354a8eb2/pytokens-0.4.1-cp310-cp310-manylinux2014_aarch64.manylinux_2_17_aarch64.manylinux_2_28_aarch64.whl", hash = "sha256:add8bf86b71a5d9fb5b89f023a80b791e04fba57960aa790cc6125f7f1d39dfe", size = 246945, upload-time = "2026-01-30T01:02:52.399Z" },
    { url = "https://files.pythonhosted.org/packages/69/66/f6fb1007a4c3d8b682d5d65b7c1fb33257587a5f782647091e3408abe0b8/pytokens-0.4.1-cp310-cp310-manylinux2014_x86_64.manylinux_2_17_x86_64.manylinux_2_28_x86_64.whl", hash = "sha256:670d286910b531c7b7e3c0b453fd8156f250adb140146d234a82219459b9640c", size = 259525, upload-time = "2026-01-30T01:02:53.737Z" },
    { url = "https://files.pythonhosted.org/packages/04/92/086f89b4d622a18418bac74ab5db7f68cf0c21cf7cc92de6c7b919d76c88/pytokens-0.4.1-cp310-cp310-musllinux_1_2_x86_64.whl", hash = "sha256:4e691d7f5186bd2842c14813f79f8884bb03f5995f0575272009982c5ac6c0f7", size = 262693, upload-time = "2026-01-30T01:02:54.871Z" },
    { url = "https://files.pythonhosted.org/packages/b4/7b/8b31c347cf94a3f900bdde750b2e9131575a61fdb620d3d3c75832262137/pytokens-0.4.1-cp310-cp310-win_amd64.whl", hash = "sha256:27b83ad28825978742beef057bfe406ad6ed524b2d28c252c5de7b4a6dd48fa2", size = 103567, upload-time = "2026-01-30T01:02:56.414Z" },
    { url = "https://files.pythonhosted.org/packages/3d/92/790ebe03f07b57e53b10884c329b9a1a308648fc083a6d4a39a10a28c8fc/pytokens-0.4.1-cp311-cp311-macosx_11_0_arm64.whl", hash = "sha256:d70e77c55ae8380c91c0c18dea05951482e263982911fc7410b1ffd1dadd3440", size = 160864, upload-time = "2026-01-30T01:02:57.882Z" },
    { url = "https://files.pythonhosted.org/packages/13/25/a4f555281d975bfdd1eba731450e2fe3a95870274da73fb12c40aeae7625/pytokens-0.4.1-cp311-cp311-manylinux2014_aarch64.manylinux_2_17_aarch64.manylinux_2_28_aarch64.whl", hash = "sha256:4a58d057208cb9075c144950d789511220b07636dd2e4708d5645d24de666bdc", size = 248565, upload-time = "2026-01-30T01:02:59.912Z" },
    { url = "https://files.pythonhosted.org/packages/17/50/bc0394b4ad5b1601be22fa43652173d47e4c9efbf0044c62e9a59b747c56/pytokens-0.4.1-cp311-cp311-manylinux2014_x86_64.manylinux_2_17_x86_64.manylinux_2_28_x86_64.whl", hash = "sha256:b49750419d300e2b5a3813cf229d4e5a4c728dae470bcc89867a9ad6f25a722d", size = 260824, upload-time = "2026-01-30T01:03:01.471Z" },
    { url = "https://files.pythonhosted.org/packages/4e/54/3e04f9d92a4be4fc6c80016bc396b923d2a6933ae94b5f557c939c460ee0/pytokens-0.4.1-cp311-cp311-musllinux_1_2_x86_64.whl", hash = "sha256:d9907d61f15bf7261d7e775bd5d7ee4d2930e04424bab1972591918497623a16", size = 264075, upload-time = "2026-01-30T01:03:04.143Z" },
    { url = "https://files.pythonhosted.org/packages/d1/1b/44b0326cb5470a4375f37988aea5d61b5cc52407143303015ebee94abfd6/pytokens-0.4.1-cp311-cp311-win_amd64.whl", hash = "sha256:ee44d0f85b803321710f9239f335aafe16553b39106384cef8e6de40cb4ef2f6", size = 103323, upload-time = "2026-01-30T01:03:05.412Z" },
    { url = "https://files.pythonhosted.org/packages/41/5d/e44573011401fb82e9d51e97f1290ceb377800fb4eed650b96f4753b499c/pytokens-0.4.1-cp312-cp312-macosx_11_0_arm64.whl", hash = "sha256:140709331e846b728475786df8aeb27d24f48cbcf7bcd449f8de75cae7a45083", size = 160663, upload-time = "2026-01-30T01:03:06.473Z" },
    { url = "https://files.pythonhosted.org/packages/f0/e6/5bbc3019f8e6f21d09c41f8b8654536117e5e211a85d89212d59cbdab381/pytokens-0.4.1-cp312-cp312-manylinux2014_aarch64.manylinux_2_17_aarch64.manylinux_2_28_aarch64.whl", hash = "sha256:6d6c4268598f762bc8e91f5dbf2ab2f61f7b95bdc07953b602db879b3c8c18e1", size = 255626, upload-time = "2026-01-30T01:03:08.177Z" },
    { url = "https://files.pythonhosted.org/packages/bf/3c/2d5297d82286f6f3d92770289fd439956b201c0a4fc7e72efb9b2293758e/pytokens-0.4.1-cp312-cp312-manylinux2014_x86_64.manylinux_2_17_x86_64.manylinux_2_28_x86_64.whl", hash = "sha256:24afde1f53d95348b5a0eb19488661147285ca4dd7ed752bbc3e1c6242a304d1", size = 269779, upload-time = "2026-01-30T01:03:09.756Z" },
    { url = "https://files.pythonhosted.org/packages/20/01/7436e9ad693cebda0551203e0bf28f7669976c60ad07d6402098208476de/pytokens-0.4.1-cp312-cp312-musllinux_1_2_x86_64.whl", hash = "sha256:5ad948d085ed6c16413eb5fec6b3e02fa00dc29a2534f088d3302c47eb59adf9", size = 268076, upload-time = "2026-01-30T01:03:10.957Z" },
    { url = "https://files.pythonhosted.org/packages/2e/df/533c82a3c752ba13ae7ef238b7f8cdd272cf1475f03c63ac6cf3fcfb00b6/pytokens-0.4.1-cp312-cp312-win_amd64.whl", hash = "sha256:3f901fe783e06e48e8cbdc82d631fca8f118333798193e026a50ce1b3757ea68", size = 103552, upload-time = "2026-01-30T01:03:12.066Z" },
    { url = "https://files.pythonhosted.org/packages/cb/dc/08b1a080372afda3cceb4f3c0a7ba2bde9d6a5241f1edb02a22a019ee147/pytokens-0.4.1-cp313-cp313-macosx_11_0_arm64.whl", hash = "sha256:8bdb9d0ce90cbf99c525e75a2fa415144fd570a1ba987380190e8b786bc6ef9b", size = 160720, upload-time = "2026-01-30T01:03:13.843Z" },
    { url = "https://files.pythonhosted.org/packages/64/0c/41ea22205da480837a700e395507e6a24425151dfb7ead73343d6e2d7ffe/pytokens-0.4.1-cp313-cp313-manylinux2014_aarch64.manylinux_2_17_aarch64.manylinux_2_28_aarch64.whl", hash = "sha256:5502408cab1cb18e128570f8d598981c68a50d0cbd7c61312a90507cd3a1276f", size = 254204, upload-time = "2026-01-30T01:03:14.886Z" },
    { url = "https://files.pythonhosted.org/packages/e0/d2/afe5c7f8607018beb99971489dbb846508f1b8f351fcefc225fcf4b2adc0/pytokens-0.4.1-cp313-cp313-manylinux2014_x86_64.manylinux_2_17_x86_64.manylinux_2_28_x86_64.whl", hash = "sha256:29d1d8fb1030af4d231789959f21821ab6325e463f0503a61d204343c9b355d1", size = 268423, upload-time = "2026-01-30T01:03:15.936Z" },
    { url = "https://files.pythonhosted.org/packages/68/d4/00ffdbd370410c04e9591da9220a68dc1693ef7499173eb3e30d06e05ed1/pytokens-0.4.1-cp313-cp313-musllinux_1_2_x86_64.whl", hash = "sha256:970b08dd6b86058b6dc07efe9e98414f5102974716232d10f32ff39701e841c4", size = 266859, upload-time = "2026-01-30T01:03:17.458Z" },
    { url = "https://files.pythonhosted.org/packages/a7/c9/c3161313b4ca0c601eeefabd3d3b576edaa9afdefd32da97210700e47652/pytokens-0.4.1-cp313-cp313-win_amd64.whl", hash = "sha256:9bd7d7f544d362576be74f9d5901a22f317efc20046efe2034dced238cbbfe78", size = 103520, upload-time = "2026-01-30T01:03:18.652Z" },
    { url = "https://files.pythonhosted.org/packages/8f/a7/b470f672e6fc5fee0a01d9e75005a0e617e162381974213a945fcd274843/pytokens-0.4.1-cp314-cp314-macosx_11_0_arm64.whl", hash = "sha256:4a14d5f5fc78ce85e426aa159489e2d5961acf0e47575e08f35584009178e321", size = 160821, upload-time = "2026-01-30T01:03:19.684Z" },
    { url = "https://files.pythonhosted.org/packages/80/98/e83a36fe8d170c911f864bfded690d2542bfcfacb9c649d11a9e6eb9dc41/pytokens-0.4.1-cp314-cp314-manylinux2014_aarch64.manylinux_2_17_aarch64.manylinux_2_28_aarch64.whl", hash = "sha256:97f50fd18543be72da51dd505e2ed20d2228c74e0464e4262e4899797803d7fa", size = 254263, upload-time = "2026-01-30T01:03:20.834Z" },
    { url = "https://files.pythonhosted.org/packages/0f/95/70d7041273890f9f97a24234c00b746e8da86df462620194cef1d411ddeb/pytokens-0.4.1-cp314-cp314-manylinux2014_x86_64.manylinux_2_17_x86_64.manylinux_2_28_x86_64.whl", hash = "sha256:dc74c035f9bfca0255c1af77ddd2d6ae8419012805453e4b0e7513e17904545d", size = 268071, upload-time = "2026-01-30T01:03:21.888Z" },
    { url = "https://files.pythonhosted.org/packages/da/79/76e6d09ae19c99404656d7db9c35dfd20f2086f3eb6ecb496b5b31163bad/pytokens-0.4.1-cp314-cp314-musllinux_1_2_x86_64.whl", hash = "sha256:f66a6bbe741bd431f6d741e617e0f39ec7257ca1f89089593479347cc4d13324", size = 271716, upload-time = "2026-01-30T01:03:23.633Z" },
    { url = "https://files.pythonhosted.org/packages/79/37/482e55fa1602e0a7ff012661d8c946bafdc05e480ea5a32f4f7e336d4aa9/pytokens-0.4.1-cp314-cp314-win_amd64.whl", hash = "sha256:b35d7e5ad269804f6697727702da3c517bb8a5228afa450ab0fa787732055fc9", size = 104539, upload-time = "2026-01-30T01:03:24.788Z" },
    { url = "https://files.pythonhosted.org/packages/30/e8/20e7db907c23f3d63b0be3b8a4fd1927f6da2395f5bcc7f72242bb963dfe/pytokens-0.4.1-cp314-cp314t-macosx_11_0_arm64.whl", hash = "sha256:8fcb9ba3709ff77e77f1c7022ff11d13553f3c30299a9fe246a166903e9091eb", size = 168474, upload-time = "2026-01-30T01:03:26.428Z" },
    { url = "https://files.pythonhosted.org/packages/d6/81/88a95ee9fafdd8f5f3452107748fd04c24930d500b9aba9738f3ade642cc/pytokens-0.4.1-cp314-cp314t-manylinux2014_aarch64.manylinux_2_17_aarch64.manylinux_2_28_aarch64.whl", hash = "sha256:79fc6b8699564e1f9b521582c35435f1bd32dd06822322ec44afdeba666d8cb3", size = 290473, upload-time = "2026-01-30T01:03:27.415Z" },
    { url = "https://files.pythonhosted.org/packages/cf/35/3aa899645e29b6375b4aed9f8d21df219e7c958c4c186b465e42ee0a06bf/pytokens-0.4.1-cp314-cp314t-manylinux2014_x86_64.manylinux_2_17_x86_64.manylinux_2_28_x86_64.whl", hash = "sha256:d31b97b3de0f61571a124a00ffe9a81fb9939146c122c11060725bd5aea79975", size = 303485, upload-time = "2026-01-30T01:03:28.558Z" },
    { url = "https://files.pythonhosted.org/packages/52/a0/07907b6ff512674d9b201859f7d212298c44933633c946703a20c25e9d81/pytokens-0.4.1-cp314-cp314t-musllinux_1_2_x86_64.whl", hash = "sha256:967cf6e3fd4adf7de8fc73cd3043754ae79c36475c1c11d514fc72cf5490094a", size = 306698, upload-time = "2026-01-30T01:03:29.653Z" },
    { url = "https://files.pythonhosted.org/packages/39/2a/cbbf9250020a4a8dd53ba83a46c097b69e5eb49dd14e708f496f548c6612/pytokens-0.4.1-cp314-cp314t-win_amd64.whl", hash = "sha256:584c80c24b078eec1e227079d56dc22ff755e0ba8654d8383b2c549107528918", size = 116287, upload-time = "2026-01-30T01:03:30.912Z" },
    { url = "https://files.pythonhosted.org/packages/c6/78/397db326746f0a342855b81216ae1f0a32965deccfd7c830a2dbc66d2483/pytokens-0.4.1-py3-none-any.whl", hash = "sha256:26cef14744a8385f35d0e095dc8b3a7583f6c953c2e3d269c7f82484bf5ad2de", size = 13729, upload-time = "2026-01-30T01:03:45.029Z" },
]

[[package]]
name = "setuptools"
version = "80.9.0"
source = { registry = "https://pypi.org/simple" }
sdist = { url = "https://files.pythonhosted.org/packages/18/5d/3bf57dcd21979b887f014ea83c24ae194cfcd12b9e0fda66b957c69d1fca/setuptools-80.9.0.tar.gz", hash = "sha256:f36b47402ecde768dbfafc46e8e4207b4360c654f1f3bb84475f0a28628fb19c", size = 1319958, upload-time = "2025-05-27T00:56:51.443Z" }
wheels = [
    { url = "https://files.pythonhosted.org/packages/a3/dc/17031897dae0efacfea57dfd3a82fdd2a2aeb58e0ff71b77b87e44edc772/setuptools-80.9.0-py3-none-any.whl", hash = "sha256:062d34222ad13e0cc312a4c02d73f059e86a4acbfbdea8f8f76b28c99f306922", size = 1201486, upload-time = "2025-05-27T00:56:49.664Z" },
]

[[package]]
name = "tfanalyze"
version = "0.4.0"
source = { editable = "." }
dependencies = [
    { name = "click" },
]

[package.dev-dependencies]
dev = [
    { name = "autoflake" },
    { name = "black" },
    { name = "coverage-badge" },
    { name = "isort" },
    { name = "pytest" },
    { name = "pytest-cov" },
    { name = "setuptools" },
]

[package.metadata]
requires-dist = [{ name = "click", specifier = ">=8.1.7,<9" }]

[package.metadata.requires-dev]
dev = [
    { name = "autoflake", specifier = ">=2.3.3" },
    { name = "black", specifier = ">=26.5.1" },
    { name = "coverage-badge", specifier = ">=1.1.1,<2" },
    { name = "isort", specifier = ">=8.0.1" },
    { name = "pytest", specifier = ">=7.4.4,<8" },
    { name = "pytest-cov", specifier = ">=5.0.0,<6" },
    { name = "setuptools", specifier = ">=80.9.0,<81" },
]

[[package]]
name = "tomli"
version = "2.0.1"
source = { registry = "https://pypi.org/simple" }
sdist = { url = "https://files.pythonhosted.org/packages/c0/3f/d7af728f075fb08564c5949a9c95e44352e23dee646869fa104a3b2060a3/tomli-2.0.1.tar.gz", hash = "sha256:de526c12914f0c550d15924c62d72abc48d6fe7364aa87328337a31007fe8a4f", size = 15164, upload-time = "2022-02-08T10:54:04.006Z" }
wheels = [
    { url = "https://files.pythonhosted.org/packages/97/75/10a9ebee3fd790d20926a90a2547f0bf78f371b2f13aa822c759680ca7b9/tomli-2.0.1-py3-none-any.whl", hash = "sha256:939de3e7a6161af0c887ef91b7d41a53e7c5a1ca976325f429cb46ea9bc30ecc", size = 12757, upload-time = "2022-02-08T10:54:02.017Z" },
]

[[package]]
name = "typing-extensions"
version = "4.15.0"
source = { registry = "https://pypi.org/simple" }
sdist = { url = "https://files.pythonhosted.org/packages/72/94/1a15dd82efb362ac84269196e94cf00f187f7ed21c242792a923cdb1c61f/typing_extensions-4.15.0.tar.gz", hash = "sha256:0cea48d173cc12fa28ecabc3b837ea3cf6f38c6d1136f85cbaaf598984861466", size = 109391, upload-time = "2025-08-25T13:49:26.313Z" }
wheels = [
    { url = "https://files.pythonhosted.org/packages/18/67/36e9267722cc04a6b9f15c7f3441c2363321a3ea07da7ae0c0707beb2a9c/typing_extensions-4.15.0-py3-none-any.whl", hash = "sha256:f0fa19c6845758ab08074a0cfa8b7aecb71c999ca73d62883bc25cc018c4e548", size = 44614, upload-time = "2025-08-25T13:49:24.86Z" },
]
